<?xml version="1.0" encoding="utf-8"?>
<Project ToolsVersion="4.0" xmlns="http://schemas.microsoft.com/developer/msbuild/2003">
  <ItemGroup>
    <Filter Include="ソース ファイル">
      <UniqueIdentifier>{4FC737F1-C7A5-4376-A066-2A32D752A2FF}</UniqueIdentifier>
      <Extensions>cpp;c;cc;cxx;c++;cppm;ixx;def;odl;idl;hpj;bat;asm;asmx</Extensions>
    </Filter>
    <Filter Include="ヘッダー ファイル">
      <UniqueIdentifier>{93995380-89BD-4b04-88EB-625FBE52EBFB}</UniqueIdentifier>
      <Extensions>h;hh;hpp;hxx;h++;hm;inl;inc;ipp;xsd</Extensions>
    </Filter>
    <Filter Include="リソース ファイル">
      <UniqueIdentifier>{67DA6AB6-F800-4c08-8B7A-83BB121AAD01}</UniqueIdentifier>
      <Extensions>rc;ico;cur;bmp;dlg;rc2;rct;bin;rgs;gif;jpg;jpeg;jpe;resx;tiff;tif;png;wav;mfcribbon-ms</Extensions>
    </Filter>
    <Filter Include="ソース ファイル\make_mino">
      <UniqueIdentifier>{1b168a96-e348-403d-b8d6-946cd66e3de6}</UniqueIdentifier>
    </Filter>
    <Filter Include="ヘッダー ファイル\make_mino">
      <UniqueIdentifier>{e6bba82f-9b96-443a-8865-5f39ec4bb1e9}</UniqueIdentifier>
    </Filter>
  </ItemGroup>
  <ItemGroup>
    <ClCompile Include="TriedToMakeTet.cpp">
      <Filter>ソース ファイル</Filter>
    </ClCompile>
    <ClCompile Include="opening.cpp">
      <Filter>ソース ファイル</Filter>
    </ClCompile>
    <ClCompile Include="color.cpp">
      <Filter>ソース ファイル</Filter>
    </ClCompile>
    <ClCompile Include="lib.cpp">
      <Filter>ソース ファイル</Filter>
    </ClCompile>
    <ClCompile Include="m_save.cpp">
      <Filter>ソース ファイル\make_mino</Filter>
    </ClCompile>
    <ClCompile Include="m_set.cpp">
      <Filter>ソース ファイル\make_mino</Filter>
    </ClCompile>
    <ClCompile Include="make_mino.cpp">
      <Filter>ソース ファイル\make_mino</Filter>
    </ClCompile>
    <ClCompile Include="m_quit.cpp">
      <Filter>ソース ファイル\make_mino</Filter>
    </ClCompile>
  </ItemGroup>
  <ItemGroup>
    <ClInclude Include="scene_macro.h">
      <Filter>ヘッダー ファイル</Filter>
    </ClInclude>
    <ClInclude Include="opening.h">
      <Filter>ヘッダー ファイル</Filter>
    </ClInclude>
    <ClInclude Include="mino.h">
      <Filter>ヘッダー ファイル</Filter>
    </ClInclude>
    <ClInclude Include="color_macro.h">
      <Filter>ヘッダー ファイル</Filter>
    </ClInclude>
    <ClInclude Include="color.h">
      <Filter>ヘッダー ファイル</Filter>
    </ClInclude>
    <ClInclude Include="lib.h">
      <Filter>ヘッダー ファイル</Filter>
    </ClInclude>
    <ClInclude Include="m_save.h">
      <Filter>ヘッダー ファイル\make_mino</Filter>
    </ClInclude>
    <ClInclude Include="m_set.h">
      <Filter>ヘッダー ファイル\make_mino</Filter>
    </ClInclude>
    <ClInclude Include="make_mino.h">
      <Filter>ヘッダー ファイル\make_mino</Filter>
    </ClInclude>
    <ClInclude Include="m_quit.h">
      <Filter>ヘッダー ファイル\make_mino</Filter>
    </ClInclude>
  </ItemGroup>
</Project>